{
  "name": "vue-animate-scroll",
  "version": "0.1.5",
  "lockfileVersion": 3,
  "requires": true,
  "packages": {
    "": {
      "version": "0.1.5",
      "license": "MIT",
      "devDependencies": {
        "rollup": "^0.57.1",
        "rollup-plugin-uglify": "^3.0.0",
        "uglify-es": "^3.3.9"
      }
    },
    "node_modules/@types/acorn": {
      "version": "4.0.5",
      "resolved": "https://registry.npmjs.org/@types/acorn/-/acorn-4.0.5.tgz",
      "integrity": "sha512-603sPiZ4GVRHPvn6vNgEAvJewKsy+zwRWYS2MeIMemgoAtcjlw2G3lALxrb9OPA17J28bkB71R33yXlQbUatCA==",
      "dev": true,
      "dependencies": {
        "@types/estree": "*"
      }
    },
    "node_modules/@types/estree": {
      "version": "0.0.39",
      "resolved": "https://registry.npmjs.org/@types/estree/-/estree-0.0.39.tgz",
      "integrity": "sha512-EYNwp3bU+98cpU4lAWYYL7Zz+2gryWH1qbdDTidVd6hkiR6weksdbMadyXKXNPEkQFhXM+hVO9ZygomHXp+AIw==",
      "dev": true
    },
    "node_modules/acorn": {
      "version": "5.7.3",
      "resolved": "https://registry.npmjs.org/acorn/-/acorn-5.7.3.tgz",
      "integrity": "sha512-T/zvzYRfbVojPWahDsE5evJdHb3oJoQfFbsrKM7w5Zcs++Tr257tia3BmMP8XYVjp1S9RZXQMh7gao96BlqZOw==",
      "dev": true,
      "bin": {
        "acorn": "bin/acorn"
      },
      "engines": {
        "node": ">=0.4.0"
      }
    },
    "node_modules/acorn-dynamic-import": {
      "version": "3.0.0",
      "resolved": "https://registry.npmjs.org/acorn-dynamic-import/-/acorn-dynamic-import-3.0.0.tgz",
      "integrity": "sha512-zVWV8Z8lislJoOKKqdNMOB+s6+XV5WERty8MnKBeFgwA+19XJjJHs2RP5dzM57FftIs+jQnRToLiWazKr6sSWg==",
      "deprecated": "This is probably built in to whatever tool you're using. If you still need it... idk",
      "dev": true,
      "dependencies": {
        "acorn": "^5.0.0"
      }
    },
    "node_modules/commander": {
      "version": "2.13.0",
      "resolved": "https://registry.npmjs.org/commander/-/commander-2.13.0.tgz",
      "integrity": "sha512-MVuS359B+YzaWqjCL/c+22gfryv+mCBPHAv3zyVI2GN8EY6IRP8VwtasXn8jyyhvvq84R4ImN1OKRtcbIasjYA==",
      "dev": true
    },
    "node_modules/date-time": {
      "version": "2.1.0",
      "resolved": "https://registry.npmjs.org/date-time/-/date-time-2.1.0.tgz",
      "integrity": "sha512-/9+C44X7lot0IeiyfgJmETtRMhBidBYM2QFFIkGa0U1k+hSyY87Nw7PY3eDqpvCBm7I3WCSfPeZskW/YYq6m4g==",
      "dev": true,
      "dependencies": {
        "time-zone": "^1.0.0"
      },
      "engines": {
        "node": ">=4"
      }
    },
    "node_modules/estree-walker": {
      "version": "0.6.1",
      "resolved": "https://registry.npmjs.org/estree-walker/-/estree-walker-0.6.1.tgz",
      "integrity": "sha512-SqmZANLWS0mnatqbSfRP5g8OXZC12Fgg1IwNtLsyHDzJizORW4khDfjPqJZsemPWBB2uqykUah5YpQ6epsqC/w==",
      "dev": true,
      "license": "MIT"
    },
    "node_modules/is-reference": {
      "version": "1.1.1",
      "resolved": "https://registry.npmjs.org/is-reference/-/is-reference-1.1.1.tgz",
      "integrity": "sha512-URlByVARcyP2E2GC7d3Ur702g3vqW391VKCHuF5Goo/M8IT97k4RU/+56OYImwDdX1J/V/VRxECE/wJqB0I2tg==",
      "dev": true,
      "dependencies": {
        "@types/estree": "0.0.39"
      }
    },
    "node_modules/locate-character": {
      "version": "2.0.5",
      "resolved": "https://registry.npmjs.org/locate-character/-/locate-character-2.0.5.tgz",
      "integrity": "sha512-n2GmejDXtOPBAZdIiEFy5dJ5N38xBCXLNOtw2WpB9kGh6pnrEuKlwYI+Tkpofc4wDtVXHtoAOJaMRlYG/oYaxg==",
      "dev": true
    },
    "node_modules/parse-ms": {
      "version": "1.0.1",
      "resolved": "https://registry.npmjs.org/parse-ms/-/parse-ms-1.0.1.tgz",
      "integrity": "sha1-VjRtR0nXjyNDDKDHE4UK75GqNh0=",
      "dev": true,
      "engines": {
        "node": ">=0.10.0"
      }
    },
    "node_modules/pretty-ms": {
      "version": "3.2.0",
      "resolved": "https://registry.npmjs.org/pretty-ms/-/pretty-ms-3.2.0.tgz",
      "integrity": "sha512-ZypexbfVUGTFxb0v+m1bUyy92DHe5SyYlnyY0msyms5zd3RwyvNgyxZZsXXgoyzlxjx5MiqtXUdhUfvQbe0A2Q==",
      "dev": true,
      "dependencies": {
        "parse-ms": "^1.0.0"
      },
      "engines": {
        "node": ">=4"
      }
    },
    "node_modules/require-relative": {
      "version": "0.8.7",
      "resolved": "https://registry.npmjs.org/require-relative/-/require-relative-0.8.7.tgz",
      "integrity": "sha1-eZlTn8ngR6N5KPoZb44VY9q9Nt4=",
      "dev": true
    },
    "node_modules/rollup": {
      "version": "0.57.1",
      "resolved": "https://registry.npmjs.org/rollup/-/rollup-0.57.1.tgz",
      "integrity": "sha512-I18GBqP0qJoJC1K1osYjreqA8VAKovxuI3I81RSk0Dmr4TgloI0tAULjZaox8OsJ+n7XRrhH6i0G2By/pj1LCA==",
      "dev": true,
      "dependencies": {
        "@types/acorn": "^4.0.3",
        "acorn": "^5.5.3",
        "acorn-dynamic-import": "^3.0.0",
        "date-time": "^2.1.0",
        "is-reference": "^1.1.0",
        "locate-character": "^2.0.5",
        "pretty-ms": "^3.1.0",
        "require-relative": "^0.8.7",
        "rollup-pluginutils": "^2.0.1",
        "signal-exit": "^3.0.2",
        "sourcemap-codec": "^1.4.1"
      },
      "bin": {
        "rollup": "bin/rollup"
      }
    },
    "node_modules/rollup-plugin-uglify": {
      "version": "3.0.0",
      "resolved": "https://registry.npmjs.org/rollup-plugin-uglify/-/rollup-plugin-uglify-3.0.0.tgz",
      "integrity": "sha512-dehLu9eRRoV4l09aC+ySntRw1OAfoyKdbk8Nelblj03tHoynkSybqyEpgavemi1LBOH6S1vzI58/mpxkZIe1iQ==",
      "dev": true,
      "dependencies": {
        "uglify-es": "^3.3.7"
      }
    },
    "node_modules/rollup-pluginutils": {
      "version": "2.8.2",
      "resolved": "https://registry.npmjs.org/rollup-pluginutils/-/rollup-pluginutils-2.8.2.tgz",
      "integrity": "sha512-EEp9NhnUkwY8aif6bxgovPHMoMoNr2FulJziTndpt5H9RdwC47GSGuII9XxpSdzVGM0GWrNPHV6ie1LTNJPaLQ==",
      "dev": true,
      "license": "MIT",
      "dependencies": {
        "estree-walker": "^0.6.1"
      }
    },
    "node_modules/signal-exit": {
      "version": "3.0.2",
      "resolved": "https://registry.npmjs.org/signal-exit/-/signal-exit-3.0.2.tgz",
      "integrity": "sha1-tf3AjxKH6hF4Yo5BXiUTK3NkbG0=",
      "dev": true
    },
    "node_modules/sourcemap-codec": {
      "version": "1.4.4",
      "resolved": "https://registry.npmjs.org/sourcemap-codec/-/sourcemap-codec-1.4.4.tgz",
      "integrity": "sha512-CYAPYdBu34781kLHkaW3m6b/uUSyMOC2R61gcYMWooeuaGtjof86ZA/8T+qVPPt7np1085CR9hmMGrySwEc8Xg==",
      "deprecated": "Please use @jridgewell/sourcemap-codec instead",
      "dev": true
    },
    "node_modules/time-zone": {
      "version": "1.0.0",
      "resolved": "https://registry.npmjs.org/time-zone/-/time-zone-1.0.0.tgz",
      "integrity": "sha1-mcW/VZWJZq9tBtg73zgA3IL67F0=",
      "dev": true,
      "engines": {
        "node": ">=4"
      }
    },
    "node_modules/uglify-es": {
      "version": "3.3.9",
      "resolved": "https://registry.npmjs.org/uglify-es/-/uglify-es-3.3.9.tgz",
      "integrity": "sha512-r+MU0rfv4L/0eeW3xZrd16t4NZfK8Ld4SWVglYBb7ez5uXFWHuVRs6xCTrf1yirs9a4j4Y27nn7SRfO6v67XsQ==",
      "deprecated": "support for ECMAScript is superseded by `uglify-js` as of v3.13.0",
      "dev": true,
      "dependencies": {
        "commander": "~2.13.0",
        "source-map": "~0.6.1"
      },
      "bin": {
        "uglifyjs": "bin/uglifyjs"
      },
      "engines": {
        "node": ">=0.8.0"
      }
    },
    "node_modules/uglify-es/node_modules/source-map": {
      "version": "0.6.1",
      "resolved": "https://registry.npmjs.org/source-map/-/source-map-0.6.1.tgz",
      "integrity": "sha512-UjgapumWlbMhkBgzT7Ykc5YXUT46F0iKu8SGXq0bcwP5dz/h0Plj6enJqjz1Zbq2l5WaqYnrVbwWOWMyF3F47g==",
      "dev": true,
      "engines": {
        "node": ">=0.10.0"
      }
    }
  }
}
